// !$*UTF8*$!
{
	archiveVersion = 1;
	classes = {
	};
	objectVersion = 56;
	objects = {

/* Begin PBXBuildFile section */
		32F638F82B61755F00453E24 /* AppDelegate.swift in Sources */ = {isa = PBXBuildFile; fileRef = 32F638F72B61755F00453E24 /* AppDelegate.swift */; };
		32F638FA2B61755F00453E24 /* SceneDelegate.swift in Sources */ = {isa = PBXBuildFile; fileRef = 32F638F92B61755F00453E24 /* SceneDelegate.swift */; };
		32F638FC2B61755F00453E24 /* ViewController.swift in Sources */ = {isa = PBXBuildFile; fileRef = 32F638FB2B61755F00453E24 /* ViewController.swift */; };
		32F639012B61756000453E24 /* Assets.xcassets in Resources */ = {isa = PBXBuildFile; fileRef = 32F639002B61756000453E24 /* Assets.xcassets */; };
		32F639042B61756000453E24 /* LaunchScreen.storyboard in Resources */ = {isa = PBXBuildFile; fileRef = 32F639022B61756000453E24 /* LaunchScreen.storyboard */; };
		32F6390F2B624D3400453E24 /* NextViewController.swift in Sources */ = {isa = PBXBuildFile; fileRef = 32F6390E2B624D3400453E24 /* NextViewController.swift */; };
		32F639122B624EB400453E24 /* UIView+Extensions.swift in Sources */ = {isa = PBXBuildFile; fileRef = 32F639112B624EB400453E24 /* UIView+Extensions.swift */; };
		32F639142B627FC800453E24 /* ViewControllerTextFieldDelegate+Extension.swift in Sources */ = {isa = PBXBuildFile; fileRef = 32F639132B627FC800453E24 /* ViewControllerTextFieldDelegate+Extension.swift */; };
/* End PBXBuildFile section */

/* Begin PBXFileReference section */
		32F638F42B61755F00453E24 /* WorkWithoutStoryboard.app */ = {isa = PBXFileReference; explicitFileType = wrapper.application; includeInIndex = 0; path = WorkWithoutStoryboard.app; sourceTree = BUILT_PRODUCTS_DIR; };
		32F638F72B61755F00453E24 /* AppDelegate.swift */ = {isa = PBXFileReference; lastKnownFileType = sourcecode.swift; path = AppDelegate.swift; sourceTree = "<group>"; };
		32F638F92B61755F00453E24 /* SceneDelegate.swift */ = {isa = PBXFileReference; lastKnownFileType = sourcecode.swift; path = SceneDelegate.swift; sourceTree = "<group>"; };
		32F638FB2B61755F00453E24 /* ViewController.swift */ = {isa = PBXFileReference; lastKnownFileType = sourcecode.swift; path = ViewController.swift; sourceTree = "<group>"; };
		32F639002B61756000453E24 /* Assets.xcassets */ = {isa = PBXFileReference; lastKnownFileType = folder.assetcatalog; path = Assets.xcassets; sourceTree = "<group>"; };
		32F639032B61756000453E24 /* Base */ = {isa = PBXFileReference; lastKnownFileType = file.storyboard; name = Base; path = Base.lproj/LaunchScreen.storyboard; sourceTree = "<group>"; };
		32F639052B61756000453E24 /* Info.plist */ = {isa = PBXFileReference; lastKnownFileType = text.plist.xml; path = Info.plist; sourceTree = "<group>"; };
		32F6390E2B624D3400453E24 /* NextViewController.swift */ = {isa = PBXFileReference; lastKnownFileType = sourcecode.swift; path = NextViewController.swift; sourceTree = "<group>"; };
		32F639112B624EB400453E24 /* UIView+Extensions.swift */ = {isa = PBXFileReference; lastKnownFileType = sourcecode.swift; path = "UIView+Extensions.swift"; sourceTree = "<group>"; };
		32F639132B627FC800453E24 /* ViewControllerTextFieldDelegate+Extension.swift */ = {isa = PBXFileReference; lastKnownFileType = sourcecode.swift; path = "ViewControllerTextFieldDelegate+Extension.swift"; sourceTree = "<group>"; };
/* End PBXFileReference section */

/* Begin PBXFrameworksBuildPhase section */
		32F638F12B61755F00453E24 /* Frameworks */ = {
			isa = PBXFrameworksBuildPhase;
			buildActionMask = 2147483647;
			files = (
			);
			runOnlyForDeploymentPostprocessing = 0;
		};
/* End PBXFrameworksBuildPhase section */

/* Begin PBXGroup section */
		32F638EB2B61755F00453E24 = {
			isa = PBXGroup;
			children = (
				32F638F62B61755F00453E24 /* WorkWithoutStoryboard */,
				32F638F52B61755F00453E24 /* Products */,
			);
			sourceTree = "<group>";
		};
		32F638F52B61755F00453E24 /* Products */ = {
			isa = PBXGroup;
			children = (
				32F638F42B61755F00453E24 /* WorkWithoutStoryboard.app */,
			);
			name = Products;
			sourceTree = "<group>";
		};
		32F638F62B61755F00453E24 /* WorkWithoutStoryboard */ = {
			isa = PBXGroup;
			children = (
				32F639102B624E9500453E24 /* Extensions */,
				32F6390B2B6177C200453E24 /* App */,
				32F6390C2B6177C700453E24 /* Sources */,
				32F6390D2B6177CD00453E24 /* Resources */,
			);
			path = WorkWithoutStoryboard;
			sourceTree = "<group>";
		};
		32F6390B2B6177C200453E24 /* App */ = {
			isa = PBXGroup;
			children = (
				32F638F72B61755F00453E24 /* AppDelegate.swift */,
				32F638F92B61755F00453E24 /* SceneDelegate.swift */,
			);
			path = App;
			sourceTree = "<group>";
		};
		32F6390C2B6177C700453E24 /* Sources */ = {
			isa = PBXGroup;
			children = (
				32F638FB2B61755F00453E24 /* ViewController.swift */,
				32F6390E2B624D3400453E24 /* NextViewController.swift */,
			);
			path = Sources;
			sourceTree = "<group>";
		};
		32F6390D2B6177CD00453E24 /* Resources */ = {
			isa = PBXGroup;
			children = (
				32F639002B61756000453E24 /* Assets.xcassets */,
				32F639022B61756000453E24 /* LaunchScreen.storyboard */,
				32F639052B61756000453E24 /* Info.plist */,
			);
			path = Resources;
			sourceTree = "<group>";
		};
		32F639102B624E9500453E24 /* Extensions */ = {
			isa = PBXGroup;
			children = (
				32F639112B624EB400453E24 /* UIView+Extensions.swift */,
				32F639132B627FC800453E24 /* ViewControllerTextFieldDelegate+Extension.swift */,
			);
			path = Extensions;
			sourceTree = "<group>";
		};
/* End PBXGroup section */

/* Begin PBXNativeTarget section */
		32F638F32B61755F00453E24 /* WorkWithoutStoryboard */ = {
			isa = PBXNativeTarget;
			buildConfigurationList = 32F639082B61756000453E24 /* Build configuration list for PBXNativeTarget "WorkWithoutStoryboard" */;
			buildPhases = (
				32F638F02B61755F00453E24 /* Sources */,
				32F638F12B61755F00453E24 /* Frameworks */,
				32F638F22B61755F00453E24 /* Resources */,
			);
			buildRules = (
			);
			dependencies = (
			);
			name = WorkWithoutStoryboard;
			productName = WorkWithoutStoryboard;
			productReference = 32F638F42B61755F00453E24 /* WorkWithoutStoryboard.app */;
			productType = "com.apple.product-type.application";
		};
/* End PBXNativeTarget section */

/* Begin PBXProject section */
		32F638EC2B61755F00453E24 /* Project object */ = {
			isa = PBXProject;
			attributes = {
				BuildIndependentTargetsInParallel = 1;
				LastSwiftUpdateCheck = 1520;
				LastUpgradeCheck = 1520;
				TargetAttributes = {
					32F638F32B61755F00453E24 = {
						CreatedOnToolsVersion = 15.2;
					};
				};
			};
			buildConfigurationList = 32F638EF2B61755F00453E24 /* Build configuration list for PBXProject "WorkWithoutStoryboard" */;
			compatibilityVersion = "Xcode 14.0";
			developmentRegion = en;
			hasScannedForEncodings = 0;
			knownRegions = (
				en,
				Base,
			);
			mainGroup = 32F638EB2B61755F00453E24;
			productRefGroup = 32F638F52B61755F00453E24 /* Products */;
			projectDirPath = "";
			projectRoot = "";
			targets = (
				32F638F32B61755F00453E24 /* WorkWithoutStoryboard */,
			);
		};
/* End PBXProject section */

/* Begin PBXResourcesBuildPhase section */
		32F638F22B61755F00453E24 /* Resources */ = {
			isa = PBXResourcesBuildPhase;
			buildActionMask = 2147483647;
			files = (
				32F639042B61756000453E24 /* LaunchScreen.storyboard in Resources */,
				32F639012B61756000453E24 /* Assets.xcassets in Resources */,
			);
			runOnlyForDeploymentPostprocessing = 0;
		};
/* End PBXResourcesBuildPhase section */

/* Begin PBXSourcesBuildPhase section */
		32F638F02B61755F00453E24 /* Sources */ = {
			isa = PBXSourcesBuildPhase;
			buildActionMask = 2147483647;
			files = (
				32F6390F2B624D3400453E24 /* NextViewController.swift in Sources */,
				32F639142B627FC800453E24 /* ViewControllerTextFieldDelegate+Extension.swift in Sources */,
				32F638FC2B61755F00453E24 /* ViewController.swift in Sources */,
				32F639122B624EB400453E24 /* UIView+Extensions.swift in Sources */,
				32F638F82B61755F00453E24 /* AppDelegate.swift in Sources */,
				32F638FA2B61755F00453E24 /* SceneDelegate.swift in Sources */,
			);
			runOnlyForDeploymentPostprocessing = 0;
		};
/* End PBXSourcesBuildPhase section */

/* Begin PBXVariantGroup section */
		32F639022B61756000453E24 /* LaunchScreen.storyboard */ = {
			isa = PBXVariantGroup;
			children = (
				32F639032B61756000453E24 /* Base */,
			);
			name = LaunchScreen.storyboard;
			sourceTree = "<group>";
		};
/* End PBXVariantGroup section */

/* Begin XCBuildConfiguration section */
		32F639062B61756000453E24 /* Debug */ = {
			isa = XCBuildConfiguration;
			buildSettings = {
				ALWAYS_SEARCH_USER_PATHS = NO;
				ASSETCATALOG_COMPILER_GENERATE_SWIFT_ASSET_SYMBOL_EXTENSIONS = YES;
				CLANG_ANALYZER_NONNULL = YES;
				CLANG_ANALYZER_NUMBER_OBJECT_CONVERSION = YES_AGGRESSIVE;
				CLANG_CXX_LANGUAGE_STANDARD = "gnu++20";
				CLANG_ENABLE_MODULES = YES;
				CLANG_ENABLE_OBJC_ARC = YES;
				CLANG_ENABLE_OBJC_WEAK = YES;
				CLANG_WARN_BLOCK_CAPTURE_AUTORELEASING = YES;
				CLANG_WARN_BOOL_CONVERSION = YES;
				CLANG_WARN_COMMA = YES;
				CLANG_WARN_CONSTANT_CONVERSION = YES;
				CLANG_WARN_DEPRECATED_OBJC_IMPLEMENTATIONS = YES;
				CLANG_WARN_DIRECT_OBJC_ISA_USAGE = YES_ERROR;
				CLANG_WARN_DOCUMENTATION_COMMENTS = YES;
				CLANG_WARN_EMPTY_BODY = YES;
				CLANG_WARN_ENUM_CONVERSION = YES;
				CLANG_WARN_INFINITE_RECURSION = YES;
				CLANG_WARN_INT_CONVERSION = YES;
				CLANG_WARN_NON_LITERAL_NULL_CONVERSION = YES;
				CLANG_WARN_OBJC_IMPLICIT_RETAIN_SELF = YES;
				CLANG_WARN_OBJC_LITERAL_CONVERSION = YES;
				CLANG_WARN_OBJC_ROOT_CLASS = YES_ERROR;
				CLANG_WARN_QUOTED_INCLUDE_IN_FRAMEWORK_HEADER = YES;
				CLANG_WARN_RANGE_LOOP_ANALYSIS = YES;
				CLANG_WARN_STRICT_PROTOTYPES = YES;
				CLANG_WARN_SUSPICIOUS_MOVE = YES;
				CLANG_WARN_UNGUARDED_AVAILABILITY = YES_AGGRESSIVE;
				CLANG_WARN_UNREACHABLE_CODE = YES;
				CLANG_WARN__DUPLICATE_METHOD_MATCH = YES;
				COPY_PHASE_STRIP = NO;
				DEBUG_INFORMATION_FORMAT = dwarf;
				ENABLE_STRICT_OBJC_MSGSEND = YES;
				ENABLE_TESTABILITY = YES;
				ENABLE_USER_SCRIPT_SANDBOXING = YES;
				GCC_C_LANGUAGE_STANDARD = gnu17;
				GCC_DYNAMIC_NO_PIC = NO;
				GCC_NO_COMMON_BLOCKS = YES;
				GCC_OPTIMIZATION_LEVEL = 0;
				GCC_PREPROCESSOR_DEFINITIONS = (
					"DEBUG=1",
					"$(inherited)",
				);
				GCC_WARN_64_TO_32_BIT_CONVERSION = YES;
				GCC_WARN_ABOUT_RETURN_TYPE = YES_ERROR;
				GCC_WARN_UNDECLARED_SELECTOR = YES;
				GCC_WARN_UNINITIALIZED_AUTOS = YES_AGGRESSIVE;
				GCC_WARN_UNUSED_FUNCTION = YES;
				GCC_WARN_UNUSED_VARIABLE = YES;
				IPHONEOS_DEPLOYMENT_TARGET = 17.2;
				LOCALIZATION_PREFERS_STRING_CATALOGS = YES;
				MTL_ENABLE_DEBUG_INFO = INCLUDE_SOURCE;
				MTL_FAST_MATH = YES;
				ONLY_ACTIVE_ARCH = YES;
				SDKROOT = iphoneos;
				SWIFT_ACTIVE_COMPILATION_CONDITIONS = "DEBUG $(inherited)";
				SWIFT_OPTIMIZATION_LEVEL = "-Onone";
			};
			name = Debug;
		};
		32F639072B61756000453E24 /* Release */ = {
			isa = XCBuildConfiguration;
			buildSettings = {
				ALWAYS_SEARCH_USER_PATHS = NO;
				ASSETCATALOG_COMPILER_GENERATE_SWIFT_ASSET_SYMBOL_EXTENSIONS = YES;
				CLANG_ANALYZER_NONNULL = YES;
				CLANG_ANALYZER_NUMBER_OBJECT_CONVERSION = YES_AGGRESSIVE;
				CLANG_CXX_LANGUAGE_STANDARD = "gnu++20";
				CLANG_ENABLE_MODULES = YES;
				CLANG_ENABLE_OBJC_ARC = YES;
				CLANG_ENABLE_OBJC_WEAK = YES;
				CLANG_WARN_BLOCK_CAPTURE_AUTORELEASING = YES;
				CLANG_WARN_BOOL_CONVERSION = YES;
				CLANG_WARN_COMMA = YES;
				CLANG_WARN_CONSTANT_CONVERSION = YES;
				CLANG_WARN_DEPRECATED_OBJC_IMPLEMENTATIONS = YES;
				CLANG_WARN_DIRECT_OBJC_ISA_USAGE = YES_ERROR;
				CLANG_WARN_DOCUMENTATION_COMMENTS = YES;
				CLANG_WARN_EMPTY_BODY = YES;
				CLANG_WARN_ENUM_CONVERSION = YES;
				CLANG_WARN_INFINITE_RECURSION = YES;
				CLANG_WARN_INT_CONVERSION = YES;
				CLANG_WARN_NON_LITERAL_NULL_CONVERSION = YES;
				CLANG_WARN_OBJC_IMPLICIT_RETAIN_SELF = YES;
				CLANG_WARN_OBJC_LITERAL_CONVERSION = YES;
				CLANG_WARN_OBJC_ROOT_CLASS = YES_ERROR;
				CLANG_WARN_QUOTED_INCLUDE_IN_FRAMEWORK_HEADER = YES;
				CLANG_WARN_RANGE_LOOP_ANALYSIS = YES;
				CLANG_WARN_STRICT_PROTOTYPES = YES;
				CLANG_WARN_SUSPICIOUS_MOVE = YES;
				CLANG_WARN_UNGUARDED_AVAILABILITY = YES_AGGRESSIVE;
				CLANG_WARN_UNREACHABLE_CODE = YES;
				CLANG_WARN__DUPLICATE_METHOD_MATCH = YES;
				COPY_PHASE_STRIP = NO;
				DEBUG_INFORMATION_FORMAT = "dwarf-with-dsym";
				ENABLE_NS_ASSERTIONS = NO;
				ENABLE_STRICT_OBJC_MSGSEND = YES;
				ENABLE_USER_SCRIPT_SANDBOXING = YES;
				GCC_C_LANGUAGE_STANDARD = gnu17;
				GCC_NO_COMMON_BLOCKS = YES;
				GCC_WARN_64_TO_32_BIT_CONVERSION = YES;
				GCC_WARN_ABOUT_RETURN_TYPE = YES_ERROR;
				GCC_WARN_UNDECLARED_SELECTOR = YES;
				GCC_WARN_UNINITIALIZED_AUTOS = YES_AGGRESSIVE;
				GCC_WARN_UNUSED_FUNCTION = YES;
				GCC_WARN_UNUSED_VARIABLE = YES;
				IPHONEOS_DEPLOYMENT_TARGET = 17.2;
				LOCALIZATION_PREFERS_STRING_CATALOGS = YES;
				MTL_ENABLE_DEBUG_INFO = NO;
				MTL_FAST_MATH = YES;
				SDKROOT = iphoneos;
				SWIFT_COMPILATION_MODE = wholemodule;
				VALIDATE_PRODUCT = YES;
			};
			name = Release;
		};
		32F639092B61756000453E24 /* Debug */ = {
			isa = XCBuildConfiguration;
			buildSettings = {
				ASSETCATALOG_COMPILER_APPICON_NAME = AppIcon;
				ASSETCATALOG_COMPILER_GLOBAL_ACCENT_COLOR_NAME = AccentColor;
				CODE_SIGN_STYLE = Automatic;
				CURRENT_PROJECT_VERSION = 1;
				DEVELOPMENT_TEAM = 7S5KXF68WA;
				GENERATE_INFOPLIST_FILE = YES;
				INFOPLIST_FILE = WorkWithoutStoryboard/Resources/Info.plist;
				INFOPLIST_KEY_UIApplicationSupportsIndirectInputEvents = YES;
				INFOPLIST_KEY_UILaunchStoryboardName = LaunchScreen;
				INFOPLIST_KEY_UISupportedInterfaceOrientations_iPad = "UIInterfaceOrientationPortrait UIInterfaceOrientationPortraitUpsideDown UIInterfaceOrientationLandscapeLeft UIInterfaceOrientationLandscapeRight";
				INFOPLIST_KEY_UISupportedInterfaceOrientations_iPhone = "UIInterfaceOrientationPortrait UIInterfaceOrientationLandscapeLeft UIInterfaceOrientationLandscapeRight";
				LD_RUNPATH_SEARCH_PATHS = (
					"$(inherited)",
					"@executable_path/Frameworks",
				);
				MARKETING_VERSION = 1.0;
				PRODUCT_BUNDLE_IDENTIFIER = com.my.WorkWithoutStoryboard;
				PRODUCT_NAME = "$(TARGET_NAME)";
				SWIFT_EMIT_LOC_STRINGS = YES;
				SWIFT_VERSION = 5.0;
				TARGETED_DEVICE_FAMILY = "1,2";
			};
			name = Debug;
		};
		32F6390A2B61756000453E24 /* Release */ = {
			isa = XCBuildConfiguration;
			buildSettings = {
				ASSETCATALOG_COMPILER_APPICON_NAME = AppIcon;
				ASSETCATALOG_COMPILER_GLOBAL_ACCENT_COLOR_NAME = AccentColor;
				CODE_SIGN_STYLE = Automatic;
				CURRENT_PROJECT_VERSION = 1;
				DEVELOPMENT_TEAM = 7S5KXF68WA;
				GENERATE_INFOPLIST_FILE = YES;
				INFOPLIST_FILE = WorkWithoutStoryboard/Resources/Info.plist;
				INFOPLIST_KEY_UIApplicationSupportsIndirectInputEvents = YES;
				INFOPLIST_KEY_UILaunchStoryboardName = LaunchScreen;
				INFOPLIST_KEY_UISupportedInterfaceOrientations_iPad = "UIInterfaceOrientationPortrait UIInterfaceOrientationPortraitUpsideDown UIInterfaceOrientationLandscapeLeft UIInterfaceOrientationLandscapeRight";
				INFOPLIST_KEY_UISupportedInterfaceOrientations_iPhone = "UIInterfaceOrientationPortrait UIInterfaceOrientationLandscapeLeft UIInterfaceOrientationLandscapeRight";
				LD_RUNPATH_SEARCH_PATHS = (
					"$(inherited)",
					"@executable_path/Frameworks",
				);
				MARKETING_VERSION = 1.0;
				PRODUCT_BUNDLE_IDENTIFIER = com.my.WorkWithoutStoryboard;
				PRODUCT_NAME = "$(TARGET_NAME)";
				SWIFT_EMIT_LOC_STRINGS = YES;
				SWIFT_VERSION = 5.0;
				TARGETED_DEVICE_FAMILY = "1,2";
			};
			name = Release;
		};
/* End XCBuildConfiguration section */

/* Begin XCConfigurationList section */
		32F638EF2B61755F00453E24 /* Build configuration list for PBXProject "WorkWithoutStoryboard" */ = {
			isa = XCConfigurationList;
			buildConfigurations = (
				32F639062B61756000453E24 /* Debug */,
				32F639072B61756000453E24 /* Release */,
			);
			defaultConfigurationIsVisible = 0;
			defaultConfigurationName = Release;
		};
		32F639082B61756000453E24 /* Build configuration list for PBXNativeTarget "WorkWithoutStoryboard" */ = {
			isa = XCConfigurationList;
			buildConfigurations = (
				32F639092B61756000453E24 /* Debug */,
				32F6390A2B61756000453E24 /* Release */,
			);
			defaultConfigurationIsVisible = 0;
			defaultConfigurationName = Release;
		};
/* End XCConfigurationList section */
	};
	rootObject = 32F638EC2B61755F00453E24 /* Project object */;
}
